
Microsoft Visual Studio Solution File, Format Version 12.00
# Visual Studio 14
VisualStudioVersion = 14.0.25420.1
MinimumVisualStudioVersion = 10.0.40219.1
Project("{FAE04EC0-301F-11D3-BF4B-00C04F79EFBC}") = "FitnessApp", "testAPI\FitnessApp.csproj", "{BB192F69-357B-4897-8C99-EDDB204FD1BA}"
EndProject
Global
	GlobalSection(SolutionConfigurationPlatforms) = preSolution
		Debug|Any CPU = Debug|Any CPU
		Release|Any CPU = Release|Any CPU
	EndGlobalSection
	GlobalSection(ProjectConfigurationPlatforms) = postSolution
		{BB192F69-357B-4897-8C99-EDDB204FD1BA}.Debug|Any CPU.ActiveCfg = Debug|Any CPU
		{BB192F69-357B-4897-8C99-EDDB204FD1BA}.Debug|Any CPU.Build.0 = Debug|Any CPU
		{BB192F69-357B-4897-8C99-EDDB204FD1BA}.Release|Any CPU.ActiveCfg = Release|Any CPU
		{BB192F69-357B-4897-8C99-EDDB204FD1BA}.Release|Any CPU.Build.0 = Release|Any CPU
	EndGlobalSection
	GlobalSection(SolutionProperties) = preSolution
		HideSolutionNode = FALSE
	EndGlobalSection
EndGlobal
